// !$*UTF8*$!
{
	archiveVersion = 1;
	classes = {
	};
	objectVersion = 46;
	objects = {

/* Begin PBXBuildFile section */
		BA229E4FDCFF493E9C224937 /* libPods.a in Frameworks */ = {isa = PBXBuildFile; fileRef = 2C259BDBEC2C4E9099A39AA8 /* libPods.a */; };
		F64450051914C14400630C5A /* Foundation.framework in Frameworks */ = {isa = PBXBuildFile; fileRef = F64450041914C14400630C5A /* Foundation.framework */; };
		F64450071914C14400630C5A /* CoreGraphics.framework in Frameworks */ = {isa = PBXBuildFile; fileRef = F64450061914C14400630C5A /* CoreGraphics.framework */; };
		F64450091914C14500630C5A /* UIKit.framework in Frameworks */ = {isa = PBXBuildFile; fileRef = F64450081914C14400630C5A /* UIKit.framework */; };
		F644500F1914C14500630C5A /* InfoPlist.strings in Resources */ = {isa = PBXBuildFile; fileRef = F644500D1914C14500630C5A /* InfoPlist.strings */; };
		F64450111914C14500630C5A /* main.m in Sources */ = {isa = PBXBuildFile; fileRef = F64450101914C14500630C5A /* main.m */; };
		F64450151914C14500630C5A /* RHAppDelegate.m in Sources */ = {isa = PBXBuildFile; fileRef = F64450141914C14500630C5A /* RHAppDelegate.m */; };
		F64450181914C14500630C5A /* Main.storyboard in Resources */ = {isa = PBXBuildFile; fileRef = F64450161914C14500630C5A /* Main.storyboard */; };
		F644501D1914C14500630C5A /* Images.xcassets in Resources */ = {isa = PBXBuildFile; fileRef = F644501C1914C14500630C5A /* Images.xcassets */; };
		F64450241914C14500630C5A /* XCTest.framework in Frameworks */ = {isa = PBXBuildFile; fileRef = F64450231914C14500630C5A /* XCTest.framework */; };
		F64450251914C14500630C5A /* Foundation.framework in Frameworks */ = {isa = PBXBuildFile; fileRef = F64450041914C14400630C5A /* Foundation.framework */; };
		F64450261914C14500630C5A /* UIKit.framework in Frameworks */ = {isa = PBXBuildFile; fileRef = F64450081914C14400630C5A /* UIKit.framework */; };
		F644502E1914C14500630C5A /* InfoPlist.strings in Resources */ = {isa = PBXBuildFile; fileRef = F644502C1914C14500630C5A /* InfoPlist.strings */; };
		F64450301914C14500630C5A /* OpenRunMapTests.m in Sources */ = {isa = PBXBuildFile; fileRef = F644502F1914C14500630C5A /* OpenRunMapTests.m */; };
		F64450451914C3B300630C5A /* RHRoute.m in Sources */ = {isa = PBXBuildFile; fileRef = F64450421914C3B300630C5A /* RHRoute.m */; };
		F64450481914C3C700630C5A /* RHMapViewController.m in Sources */ = {isa = PBXBuildFile; fileRef = F64450471914C3C700630C5A /* RHMapViewController.m */; };
		F644504B1914C3FA00630C5A /* RHRouteStep.m in Sources */ = {isa = PBXBuildFile; fileRef = F644504A1914C3FA00630C5A /* RHRouteStep.m */; };
		F644504D1914CA2C00630C5A /* MapKit.framework in Frameworks */ = {isa = PBXBuildFile; fileRef = F644504C1914CA2C00630C5A /* MapKit.framework */; };
		F64450501914D06D00630C5A /* MKPolyline+NSCodingAdditions.m in Sources */ = {isa = PBXBuildFile; fileRef = F644504F1914D06D00630C5A /* MKPolyline+NSCodingAdditions.m */; };
		F64450531914D2A300630C5A /* sample_route.json in Resources */ = {isa = PBXBuildFile; fileRef = F64450521914D2A300630C5A /* sample_route.json */; };
		F64450571914D5F600630C5A /* RHSettingsMenuViewController.m in Sources */ = {isa = PBXBuildFile; fileRef = F64450561914D5F600630C5A /* RHSettingsMenuViewController.m */; };
		F644505A1914D83A00630C5A /* RHContainerViewController.m in Sources */ = {isa = PBXBuildFile; fileRef = F64450591914D83A00630C5A /* RHContainerViewController.m */; };
		F64450671914E06E00630C5A /* OpenSans-Bold.ttf in Resources */ = {isa = PBXBuildFile; fileRef = F644505D1914E06E00630C5A /* OpenSans-Bold.ttf */; };
		F64450681914E06E00630C5A /* OpenSans-BoldItalic.ttf in Resources */ = {isa = PBXBuildFile; fileRef = F644505E1914E06E00630C5A /* OpenSans-BoldItalic.ttf */; };
		F64450691914E06E00630C5A /* OpenSans-ExtraBold.ttf in Resources */ = {isa = PBXBuildFile; fileRef = F644505F1914E06E00630C5A /* OpenSans-ExtraBold.ttf */; };
		F644506A1914E06E00630C5A /* OpenSans-ExtraBoldItalic.ttf in Resources */ = {isa = PBXBuildFile; fileRef = F64450601914E06E00630C5A /* OpenSans-ExtraBoldItalic.ttf */; };
		F644506B1914E06E00630C5A /* OpenSans-Italic.ttf in Resources */ = {isa = PBXBuildFile; fileRef = F64450611914E06E00630C5A /* OpenSans-Italic.ttf */; };
		F644506C1914E06E00630C5A /* OpenSans-Light.ttf in Resources */ = {isa = PBXBuildFile; fileRef = F64450621914E06E00630C5A /* OpenSans-Light.ttf */; };
		F644506D1914E06E00630C5A /* OpenSans-LightItalic.ttf in Resources */ = {isa = PBXBuildFile; fileRef = F64450631914E06E00630C5A /* OpenSans-LightItalic.ttf */; };
		F644506E1914E06E00630C5A /* OpenSans-Regular.ttf in Resources */ = {isa = PBXBuildFile; fileRef = F64450641914E06E00630C5A /* OpenSans-Regular.ttf */; };
		F644506F1914E06E00630C5A /* OpenSans-Semibold.ttf in Resources */ = {isa = PBXBuildFile; fileRef = F64450651914E06E00630C5A /* OpenSans-Semibold.ttf */; };
		F64450701914E06E00630C5A /* OpenSans-SemiboldItalic.ttf in Resources */ = {isa = PBXBuildFile; fileRef = F64450661914E06E00630C5A /* OpenSans-SemiboldItalic.ttf */; };
		F64450761914E14500630C5A /* UIFont+OpenSans.m in Sources */ = {isa = PBXBuildFile; fileRef = F64450751914E14500630C5A /* UIFont+OpenSans.m */; };
		F64450791914E31B00630C5A /* RHRouteTableViewCell.m in Sources */ = {isa = PBXBuildFile; fileRef = F64450781914E31B00630C5A /* RHRouteTableViewCell.m */; };
		F644507C1914F5D000630C5A /* RHRouteListTableViewController.m in Sources */ = {isa = PBXBuildFile; fileRef = F644507B1914F5D000630C5A /* RHRouteListTableViewController.m */; };
/* End PBXBuildFile section */

/* Begin PBXContainerItemProxy section */
		F64450271914C14500630C5A /* PBXContainerItemProxy */ = {
			isa = PBXContainerItemProxy;
			containerPortal = F6444FF91914C14400630C5A /* Project object */;
			proxyType = 1;
			remoteGlobalIDString = F64450001914C14400630C5A;
			remoteInfo = OpenRunMap;
		};
/* End PBXContainerItemProxy section */

/* Begin PBXFileReference section */
		2C259BDBEC2C4E9099A39AA8 /* libPods.a */ = {isa = PBXFileReference; explicitFileType = archive.ar; includeInIndex = 0; path = libPods.a; sourceTree = BUILT_PRODUCTS_DIR; };
		5CA27EEB8EC24BEBBF2F23B6 /* Pods.xcconfig */ = {isa = PBXFileReference; includeInIndex = 1; lastKnownFileType = text.xcconfig; name = Pods.xcconfig; path = Pods/Pods.xcconfig; sourceTree = "<group>"; };
		F64450011914C14400630C5A /* OpenRunMap.app */ = {isa = PBXFileReference; explicitFileType = wrapper.application; includeInIndex = 0; path = OpenRunMap.app; sourceTree = BUILT_PRODUCTS_DIR; };
		F64450041914C14400630C5A /* Foundation.framework */ = {isa = PBXFileReference; lastKnownFileType = wrapper.framework; name = Foundation.framework; path = System/Library/Frameworks/Foundation.framework; sourceTree = SDKROOT; };
		F64450061914C14400630C5A /* CoreGraphics.framework */ = {isa = PBXFileReference; lastKnownFileType = wrapper.framework; name = CoreGraphics.framework; path = System/Library/Frameworks/CoreGraphics.framework; sourceTree = SDKROOT; };
		F64450081914C14400630C5A /* UIKit.framework */ = {isa = PBXFileReference; lastKnownFileType = wrapper.framework; name = UIKit.framework; path = System/Library/Frameworks/UIKit.framework; sourceTree = SDKROOT; };
		F644500C1914C14500630C5A /* OpenRunMap-Info.plist */ = {isa = PBXFileReference; lastKnownFileType = text.plist.xml; path = "OpenRunMap-Info.plist"; sourceTree = "<group>"; };
		F644500E1914C14500630C5A /* en */ = {isa = PBXFileReference; lastKnownFileType = text.plist.strings; name = en; path = en.lproj/InfoPlist.strings; sourceTree = "<group>"; };
		F64450101914C14500630C5A /* main.m */ = {isa = PBXFileReference; lastKnownFileType = sourcecode.c.objc; path = main.m; sourceTree = "<group>"; };
		F64450121914C14500630C5A /* OpenRunMap-Prefix.pch */ = {isa = PBXFileReference; lastKnownFileType = sourcecode.c.h; path = "OpenRunMap-Prefix.pch"; sourceTree = "<group>"; };
		F64450131914C14500630C5A /* RHAppDelegate.h */ = {isa = PBXFileReference; lastKnownFileType = sourcecode.c.h; path = RHAppDelegate.h; sourceTree = "<group>"; };
		F64450141914C14500630C5A /* RHAppDelegate.m */ = {isa = PBXFileReference; lastKnownFileType = sourcecode.c.objc; path = RHAppDelegate.m; sourceTree = "<group>"; };
		F64450171914C14500630C5A /* Base */ = {isa = PBXFileReference; lastKnownFileType = file.storyboard; name = Base; path = Base.lproj/Main.storyboard; sourceTree = "<group>"; };
		F644501C1914C14500630C5A /* Images.xcassets */ = {isa = PBXFileReference; lastKnownFileType = folder.assetcatalog; path = Images.xcassets; sourceTree = "<group>"; };
		F64450221914C14500630C5A /* OpenRunMapTests.xctest */ = {isa = PBXFileReference; explicitFileType = wrapper.cfbundle; includeInIndex = 0; path = OpenRunMapTests.xctest; sourceTree = BUILT_PRODUCTS_DIR; };
		F64450231914C14500630C5A /* XCTest.framework */ = {isa = PBXFileReference; lastKnownFileType = wrapper.framework; name = XCTest.framework; path = Library/Frameworks/XCTest.framework; sourceTree = DEVELOPER_DIR; };
		F644502B1914C14500630C5A /* OpenRunMapTests-Info.plist */ = {isa = PBXFileReference; lastKnownFileType = text.plist.xml; path = "OpenRunMapTests-Info.plist"; sourceTree = "<group>"; };
		F644502D1914C14500630C5A /* en */ = {isa = PBXFileReference; lastKnownFileType = text.plist.strings; name = en; path = en.lproj/InfoPlist.strings; sourceTree = "<group>"; };
		F644502F1914C14500630C5A /* OpenRunMapTests.m */ = {isa = PBXFileReference; lastKnownFileType = sourcecode.c.objc; path = OpenRunMapTests.m; sourceTree = "<group>"; };
		F64450411914C3B300630C5A /* RHRoute.h */ = {isa = PBXFileReference; fileEncoding = 4; lastKnownFileType = sourcecode.c.h; path = RHRoute.h; sourceTree = "<group>"; };
		F64450421914C3B300630C5A /* RHRoute.m */ = {isa = PBXFileReference; fileEncoding = 4; lastKnownFileType = sourcecode.c.objc; path = RHRoute.m; sourceTree = "<group>"; };
		F64450461914C3C700630C5A /* RHMapViewController.h */ = {isa = PBXFileReference; fileEncoding = 4; lastKnownFileType = sourcecode.c.h; path = RHMapViewController.h; sourceTree = "<group>"; };
		F64450471914C3C700630C5A /* RHMapViewController.m */ = {isa = PBXFileReference; fileEncoding = 4; lastKnownFileType = sourcecode.c.objc; path = RHMapViewController.m; sourceTree = "<group>"; };
		F64450491914C3FA00630C5A /* RHRouteStep.h */ = {isa = PBXFileReference; fileEncoding = 4; lastKnownFileType = sourcecode.c.h; path = RHRouteStep.h; sourceTree = "<group>"; };
		F644504A1914C3FA00630C5A /* RHRouteStep.m */ = {isa = PBXFileReference; fileEncoding = 4; lastKnownFileType = sourcecode.c.objc; path = RHRouteStep.m; sourceTree = "<group>"; };
		F644504C1914CA2C00630C5A /* MapKit.framework */ = {isa = PBXFileReference; lastKnownFileType = wrapper.framework; name = MapKit.framework; path = System/Library/Frameworks/MapKit.framework; sourceTree = SDKROOT; };
		F644504E1914D06D00630C5A /* MKPolyline+NSCodingAdditions.h */ = {isa = PBXFileReference; fileEncoding = 4; lastKnownFileType = sourcecode.c.h; name = "MKPolyline+NSCodingAdditions.h"; path = "OpenRunMap/Code/Categories/MKPolyline+NSCodingAdditions.h"; sourceTree = SOURCE_ROOT; };
		F644504F1914D06D00630C5A /* MKPolyline+NSCodingAdditions.m */ = {isa = PBXFileReference; fileEncoding = 4; lastKnownFileType = sourcecode.c.objc; name = "MKPolyline+NSCodingAdditions.m"; path = "OpenRunMap/Code/Categories/MKPolyline+NSCodingAdditions.m"; sourceTree = SOURCE_ROOT; };
		F64450521914D2A300630C5A /* sample_route.json */ = {isa = PBXFileReference; fileEncoding = 4; lastKnownFileType = text.json; name = sample_route.json; path = Fixtures/sample_route.json; sourceTree = "<group>"; };
		F64450551914D5F600630C5A /* RHSettingsMenuViewController.h */ = {isa = PBXFileReference; fileEncoding = 4; lastKnownFileType = sourcecode.c.h; path = RHSettingsMenuViewController.h; sourceTree = "<group>"; };
		F64450561914D5F600630C5A /* RHSettingsMenuViewController.m */ = {isa = PBXFileReference; fileEncoding = 4; lastKnownFileType = sourcecode.c.objc; path = RHSettingsMenuViewController.m; sourceTree = "<group>"; };
		F64450581914D83A00630C5A /* RHContainerViewController.h */ = {isa = PBXFileReference; fileEncoding = 4; lastKnownFileType = sourcecode.c.h; path = RHContainerViewController.h; sourceTree = "<group>"; };
		F64450591914D83A00630C5A /* RHContainerViewController.m */ = {isa = PBXFileReference; fileEncoding = 4; lastKnownFileType = sourcecode.c.objc; path = RHContainerViewController.m; sourceTree = "<group>"; };
		F644505D1914E06E00630C5A /* OpenSans-Bold.ttf */ = {isa = PBXFileReference; lastKnownFileType = file; path = "OpenSans-Bold.ttf"; sourceTree = "<group>"; };
		F644505E1914E06E00630C5A /* OpenSans-BoldItalic.ttf */ = {isa = PBXFileReference; lastKnownFileType = file; path = "OpenSans-BoldItalic.ttf"; sourceTree = "<group>"; };
		F644505F1914E06E00630C5A /* OpenSans-ExtraBold.ttf */ = {isa = PBXFileReference; lastKnownFileType = file; path = "OpenSans-ExtraBold.ttf"; sourceTree = "<group>"; };
		F64450601914E06E00630C5A /* OpenSans-ExtraBoldItalic.ttf */ = {isa = PBXFileReference; lastKnownFileType = file; path = "OpenSans-ExtraBoldItalic.ttf"; sourceTree = "<group>"; };
		F64450611914E06E00630C5A /* OpenSans-Italic.ttf */ = {isa = PBXFileReference; lastKnownFileType = file; path = "OpenSans-Italic.ttf"; sourceTree = "<group>"; };
		F64450621914E06E00630C5A /* OpenSans-Light.ttf */ = {isa = PBXFileReference; lastKnownFileType = file; path = "OpenSans-Light.ttf"; sourceTree = "<group>"; };
		F64450631914E06E00630C5A /* OpenSans-LightItalic.ttf */ = {isa = PBXFileReference; lastKnownFileType = file; path = "OpenSans-LightItalic.ttf"; sourceTree = "<group>"; };
		F64450641914E06E00630C5A /* OpenSans-Regular.ttf */ = {isa = PBXFileReference; lastKnownFileType = file; path = "OpenSans-Regular.ttf"; sourceTree = "<group>"; };
		F64450651914E06E00630C5A /* OpenSans-Semibold.ttf */ = {isa = PBXFileReference; lastKnownFileType = file; path = "OpenSans-Semibold.ttf"; sourceTree = "<group>"; };
		F64450661914E06E00630C5A /* OpenSans-SemiboldItalic.ttf */ = {isa = PBXFileReference; lastKnownFileType = file; path = "OpenSans-SemiboldItalic.ttf"; sourceTree = "<group>"; };
		F64450741914E14500630C5A /* UIFont+OpenSans.h */ = {isa = PBXFileReference; fileEncoding = 4; lastKnownFileType = sourcecode.c.h; name = "UIFont+OpenSans.h"; path = "OpenRunMap/Code/Categories/UIFont+OpenSans.h"; sourceTree = SOURCE_ROOT; };
		F64450751914E14500630C5A /* UIFont+OpenSans.m */ = {isa = PBXFileReference; fileEncoding = 4; lastKnownFileType = sourcecode.c.objc; name = "UIFont+OpenSans.m"; path = "OpenRunMap/Code/Categories/UIFont+OpenSans.m"; sourceTree = SOURCE_ROOT; };
		F64450771914E31B00630C5A /* RHRouteTableViewCell.h */ = {isa = PBXFileReference; fileEncoding = 4; lastKnownFileType = sourcecode.c.h; path = RHRouteTableViewCell.h; sourceTree = "<group>"; };
		F64450781914E31B00630C5A /* RHRouteTableViewCell.m */ = {isa = PBXFileReference; fileEncoding = 4; lastKnownFileType = sourcecode.c.objc; path = RHRouteTableViewCell.m; sourceTree = "<group>"; };
		F644507A1914F5D000630C5A /* RHRouteListTableViewController.h */ = {isa = PBXFileReference; fileEncoding = 4; lastKnownFileType = sourcecode.c.h; path = RHRouteListTableViewController.h; sourceTree = "<group>"; };
		F644507B1914F5D000630C5A /* RHRouteListTableViewController.m */ = {isa = PBXFileReference; fileEncoding = 4; lastKnownFileType = sourcecode.c.objc; path = RHRouteListTableViewController.m; sourceTree = "<group>"; };
/* End PBXFileReference section */

/* Begin PBXFrameworksBuildPhase section */
		F6444FFE1914C14400630C5A /* Frameworks */ = {
			isa = PBXFrameworksBuildPhase;
			buildActionMask = 2147483647;
			files = (
				F644504D1914CA2C00630C5A /* MapKit.framework in Frameworks */,
				F64450071914C14400630C5A /* CoreGraphics.framework in Frameworks */,
				F64450091914C14500630C5A /* UIKit.framework in Frameworks */,
				F64450051914C14400630C5A /* Foundation.framework in Frameworks */,
				BA229E4FDCFF493E9C224937 /* libPods.a in Frameworks */,
			);
			runOnlyForDeploymentPostprocessing = 0;
		};
		F644501F1914C14500630C5A /* Frameworks */ = {
			isa = PBXFrameworksBuildPhase;
			buildActionMask = 2147483647;
			files = (
				F64450241914C14500630C5A /* XCTest.framework in Frameworks */,
				F64450261914C14500630C5A /* UIKit.framework in Frameworks */,
				F64450251914C14500630C5A /* Foundation.framework in Frameworks */,
			);
			runOnlyForDeploymentPostprocessing = 0;
		};
/* End PBXFrameworksBuildPhase section */

/* Begin PBXGroup section */
		F6444FF81914C14400630C5A = {
			isa = PBXGroup;
			children = (
				F644500A1914C14500630C5A /* OpenRunMap */,
				F64450291914C14500630C5A /* OpenRunMapTests */,
				F64450031914C14400630C5A /* Frameworks */,
				F64450021914C14400630C5A /* Products */,
				5CA27EEB8EC24BEBBF2F23B6 /* Pods.xcconfig */,
			);
			sourceTree = "<group>";
		};
		F64450021914C14400630C5A /* Products */ = {
			isa = PBXGroup;
			children = (
				F64450011914C14400630C5A /* OpenRunMap.app */,
				F64450221914C14500630C5A /* OpenRunMapTests.xctest */,
			);
			name = Products;
			sourceTree = "<group>";
		};
		F64450031914C14400630C5A /* Frameworks */ = {
			isa = PBXGroup;
			children = (
				F644504C1914CA2C00630C5A /* MapKit.framework */,
				F64450041914C14400630C5A /* Foundation.framework */,
				F64450061914C14400630C5A /* CoreGraphics.framework */,
				F64450081914C14400630C5A /* UIKit.framework */,
				F64450231914C14500630C5A /* XCTest.framework */,
				2C259BDBEC2C4E9099A39AA8 /* libPods.a */,
			);
			name = Frameworks;
			sourceTree = "<group>";
		};
		F644500A1914C14500630C5A /* OpenRunMap */ = {
			isa = PBXGroup;
			children = (
				F64450511914D22400630C5A /* Categories */,
				F64450401914C3B300630C5A /* Models */,
				F64450431914C3B300630C5A /* View Controllers */,
				F64450441914C3B300630C5A /* Views */,
				F64450131914C14500630C5A /* RHAppDelegate.h */,
				F64450141914C14500630C5A /* RHAppDelegate.m */,
				F64450161914C14500630C5A /* Main.storyboard */,
				F644501C1914C14500630C5A /* Images.xcassets */,
				F644500B1914C14500630C5A /* Supporting Files */,
				F64450541914D2AC00630C5A /* Fixtures */,
			);
			path = OpenRunMap;
			sourceTree = "<group>";
		};
		F644500B1914C14500630C5A /* Supporting Files */ = {
			isa = PBXGroup;
			children = (
				F644505B1914E06E00630C5A /* Assets */,
				F644500C1914C14500630C5A /* OpenRunMap-Info.plist */,
				F644500D1914C14500630C5A /* InfoPlist.strings */,
				F64450101914C14500630C5A /* main.m */,
				F64450121914C14500630C5A /* OpenRunMap-Prefix.pch */,
			);
			name = "Supporting Files";
			sourceTree = "<group>";
		};
		F64450291914C14500630C5A /* OpenRunMapTests */ = {
			isa = PBXGroup;
			children = (
				F644502F1914C14500630C5A /* OpenRunMapTests.m */,
				F644502A1914C14500630C5A /* Supporting Files */,
			);
			path = OpenRunMapTests;
			sourceTree = "<group>";
		};
		F644502A1914C14500630C5A /* Supporting Files */ = {
			isa = PBXGroup;
			children = (
				F644502B1914C14500630C5A /* OpenRunMapTests-Info.plist */,
				F644502C1914C14500630C5A /* InfoPlist.strings */,
			);
			name = "Supporting Files";
			sourceTree = "<group>";
		};
		F64450401914C3B300630C5A /* Models */ = {
			isa = PBXGroup;
			children = (
				F64450491914C3FA00630C5A /* RHRouteStep.h */,
				F644504A1914C3FA00630C5A /* RHRouteStep.m */,
				F64450411914C3B300630C5A /* RHRoute.h */,
				F64450421914C3B300630C5A /* RHRoute.m */,
			);
			name = Models;
			path = Code/Models;
			sourceTree = "<group>";
		};
		F64450431914C3B300630C5A /* View Controllers */ = {
			isa = PBXGroup;
			children = (
				F644507A1914F5D000630C5A /* RHRouteListTableViewController.h */,
				F644507B1914F5D000630C5A /* RHRouteListTableViewController.m */,
				F64450461914C3C700630C5A /* RHMapViewController.h */,
				F64450471914C3C700630C5A /* RHMapViewController.m */,
				F64450581914D83A00630C5A /* RHContainerViewController.h */,
				F64450591914D83A00630C5A /* RHContainerViewController.m */,
				F64450551914D5F600630C5A /* RHSettingsMenuViewController.h */,
				F64450561914D5F600630C5A /* RHSettingsMenuViewController.m */,
			);
			name = "View Controllers";
			path = "Code/View Controllers";
			sourceTree = "<group>";
		};
		F64450441914C3B300630C5A /* Views */ = {
			isa = PBXGroup;
			children = (
				F64450771914E31B00630C5A /* RHRouteTableViewCell.h */,
				F64450781914E31B00630C5A /* RHRouteTableViewCell.m */,
			);
			name = Views;
			path = Code/Views;
			sourceTree = "<group>";
		};
		F64450511914D22400630C5A /* Categories */ = {
			isa = PBXGroup;
			children = (
				F64450741914E14500630C5A /* UIFont+OpenSans.h */,
				F64450751914E14500630C5A /* UIFont+OpenSans.m */,
				F644504E1914D06D00630C5A /* MKPolyline+NSCodingAdditions.h */,
				F644504F1914D06D00630C5A /* MKPolyline+NSCodingAdditions.m */,
			);
			name = Categories;
			path = Code/Models;
			sourceTree = "<group>";
		};
		F64450541914D2AC00630C5A /* Fixtures */ = {
			isa = PBXGroup;
			children = (
				F64450521914D2A300630C5A /* sample_route.json */,
			);
			name = Fixtures;
			sourceTree = "<group>";
		};
		F644505B1914E06E00630C5A /* Assets */ = {
			isa = PBXGroup;
			children = (
				F644505C1914E06E00630C5A /* Fonts */,
			);
			path = Assets;
			sourceTree = "<group>";
		};
		F644505C1914E06E00630C5A /* Fonts */ = {
			isa = PBXGroup;
			children = (
				F644505D1914E06E00630C5A /* OpenSans-Bold.ttf */,
				F644505E1914E06E00630C5A /* OpenSans-BoldItalic.ttf */,
				F644505F1914E06E00630C5A /* OpenSans-ExtraBold.ttf */,
				F64450601914E06E00630C5A /* OpenSans-ExtraBoldItalic.ttf */,
				F64450611914E06E00630C5A /* OpenSans-Italic.ttf */,
				F64450621914E06E00630C5A /* OpenSans-Light.ttf */,
				F64450631914E06E00630C5A /* OpenSans-LightItalic.ttf */,
				F64450641914E06E00630C5A /* OpenSans-Regular.ttf */,
				F64450651914E06E00630C5A /* OpenSans-Semibold.ttf */,
				F64450661914E06E00630C5A /* OpenSans-SemiboldItalic.ttf */,
			);
			path = Fonts;
			sourceTree = "<group>";
		};
/* End PBXGroup section */

/* Begin PBXNativeTarget section */
		F64450001914C14400630C5A /* OpenRunMap */ = {
			isa = PBXNativeTarget;
			buildConfigurationList = F64450331914C14500630C5A /* Build configuration list for PBXNativeTarget "OpenRunMap" */;
			buildPhases = (
				1363F9E95B4846128E6A18BB /* Check Pods Manifest.lock */,
				F6444FFD1914C14400630C5A /* Sources */,
				F6444FFE1914C14400630C5A /* Frameworks */,
				F6444FFF1914C14400630C5A /* Resources */,
				AA2FE03AA0424026A5F961BF /* Copy Pods Resources */,
			);
			buildRules = (
			);
			dependencies = (
			);
			name = OpenRunMap;
			productName = OpenRunMap;
			productReference = F64450011914C14400630C5A /* OpenRunMap.app */;
			productType = "com.apple.product-type.application";
		};
		F64450211914C14500630C5A /* OpenRunMapTests */ = {
			isa = PBXNativeTarget;
			buildConfigurationList = F64450361914C14500630C5A /* Build configuration list for PBXNativeTarget "OpenRunMapTests" */;
			buildPhases = (
				F644501E1914C14500630C5A /* Sources */,
				F644501F1914C14500630C5A /* Frameworks */,
				F64450201914C14500630C5A /* Resources */,
			);
			buildRules = (
			);
			dependencies = (
				F64450281914C14500630C5A /* PBXTargetDependency */,
			);
			name = OpenRunMapTests;
			productName = OpenRunMapTests;
			productReference = F64450221914C14500630C5A /* OpenRunMapTests.xctest */;
			productType = "com.apple.product-type.bundle.unit-test";
		};
/* End PBXNativeTarget section */

/* Begin PBXProject section */
		F6444FF91914C14400630C5A /* Project object */ = {
			isa = PBXProject;
			attributes = {
				CLASSPREFIX = RH;
				LastUpgradeCheck = 0510;
				ORGANIZATIONNAME = RunHackers;
				TargetAttributes = {
					F64450211914C14500630C5A = {
						TestTargetID = F64450001914C14400630C5A;
					};
				};
			};
			buildConfigurationList = F6444FFC1914C14400630C5A /* Build configuration list for PBXProject "OpenRunMap" */;
			compatibilityVersion = "Xcode 3.2";
			developmentRegion = English;
			hasScannedForEncodings = 0;
			knownRegions = (
				en,
				Base,
			);
			mainGroup = F6444FF81914C14400630C5A;
			productRefGroup = F64450021914C14400630C5A /* Products */;
			projectDirPath = "";
			projectRoot = "";
			targets = (
				F64450001914C14400630C5A /* OpenRunMap */,
				F64450211914C14500630C5A /* OpenRunMapTests */,
			);
		};
/* End PBXProject section */

/* Begin PBXResourcesBuildPhase section */
		F6444FFF1914C14400630C5A /* Resources */ = {
			isa = PBXResourcesBuildPhase;
			buildActionMask = 2147483647;
			files = (
				F644506B1914E06E00630C5A /* OpenSans-Italic.ttf in Resources */,
				F64450681914E06E00630C5A /* OpenSans-BoldItalic.ttf in Resources */,
				F644501D1914C14500630C5A /* Images.xcassets in Resources */,
				F644506F1914E06E00630C5A /* OpenSans-Semibold.ttf in Resources */,
				F64450691914E06E00630C5A /* OpenSans-ExtraBold.ttf in Resources */,
				F64450531914D2A300630C5A /* sample_route.json in Resources */,
				F644506D1914E06E00630C5A /* OpenSans-LightItalic.ttf in Resources */,
				F644500F1914C14500630C5A /* InfoPlist.strings in Resources */,
				F64450671914E06E00630C5A /* OpenSans-Bold.ttf in Resources */,
				F64450181914C14500630C5A /* Main.storyboard in Resources */,
				F64450701914E06E00630C5A /* OpenSans-SemiboldItalic.ttf in Resources */,
				F644506C1914E06E00630C5A /* OpenSans-Light.ttf in Resources */,
				F644506E1914E06E00630C5A /* OpenSans-Regular.ttf in Resources */,
				F644506A1914E06E00630C5A /* OpenSans-ExtraBoldItalic.ttf in Resources */,
			);
			runOnlyForDeploymentPostprocessing = 0;
		};
		F64450201914C14500630C5A /* Resources */ = {
			isa = PBXResourcesBuildPhase;
			buildActionMask = 2147483647;
			files = (
				F644502E1914C14500630C5A /* InfoPlist.strings in Resources */,
			);
			runOnlyForDeploymentPostprocessing = 0;
		};
/* End PBXResourcesBuildPhase section */

/* Begin PBXShellScriptBuildPhase section */
		1363F9E95B4846128E6A18BB /* Check Pods Manifest.lock */ = {
			isa = PBXShellScriptBuildPhase;
			buildActionMask = 2147483647;
			files = (
			);
			inputPaths = (
			);
			name = "Check Pods Manifest.lock";
			outputPaths = (
			);
			runOnlyForDeploymentPostprocessing = 0;
			shellPath = /bin/sh;
			shellScript = "diff \"${PODS_ROOT}/../Podfile.lock\" \"${PODS_ROOT}/Manifest.lock\" > /dev/null\nif [[ $? != 0 ]] ; then\n    cat << EOM\nerror: The sandbox is not in sync with the Podfile.lock. Run 'pod install' or update your CocoaPods installation.\nEOM\n    exit 1\nfi\n";
			showEnvVarsInLog = 0;
		};
		AA2FE03AA0424026A5F961BF /* Copy Pods Resources */ = {
			isa = PBXShellScriptBuildPhase;
			buildActionMask = 2147483647;
			files = (
			);
			inputPaths = (
			);
			name = "Copy Pods Resources";
			outputPaths = (
			);
			runOnlyForDeploymentPostprocessing = 0;
			shellPath = /bin/sh;
			shellScript = "\"${SRCROOT}/Pods/Pods-resources.sh\"\n";
			showEnvVarsInLog = 0;
		};
/* End PBXShellScriptBuildPhase section */

/* Begin PBXSourcesBuildPhase section */
		F6444FFD1914C14400630C5A /* Sources */ = {
			isa = PBXSourcesBuildPhase;
			buildActionMask = 2147483647;
			files = (
				F64450151914C14500630C5A /* RHAppDelegate.m in Sources */,
				F64450451914C3B300630C5A /* RHRoute.m in Sources */,
				F644505A1914D83A00630C5A /* RHContainerViewController.m in Sources */,
				F64450571914D5F600630C5A /* RHSettingsMenuViewController.m in Sources */,
				F64450481914C3C700630C5A /* RHMapViewController.m in Sources */,
				F64450791914E31B00630C5A /* RHRouteTableViewCell.m in Sources */,
				F64450111914C14500630C5A /* main.m in Sources */,
				F64450501914D06D00630C5A /* MKPolyline+NSCodingAdditions.m in Sources */,
				F644504B1914C3FA00630C5A /* RHRouteStep.m in Sources */,
				F64450761914E14500630C5A /* UIFont+OpenSans.m in Sources */,
				F644507C1914F5D000630C5A /* RHRouteListTableViewController.m in Sources */,
			);
			runOnlyForDeploymentPostprocessing = 0;
		};
		F644501E1914C14500630C5A /* Sources */ = {
			isa = PBXSourcesBuildPhase;
			buildActionMask = 2147483647;
			files = (
				F64450301914C14500630C5A /* OpenRunMapTests.m in Sources */,
			);
			runOnlyForDeploymentPostprocessing = 0;
		};
/* End PBXSourcesBuildPhase section */

/* Begin PBXTargetDependency section */
		F64450281914C14500630C5A /* PBXTargetDependency */ = {
			isa = PBXTargetDependency;
			target = F64450001914C14400630C5A /* OpenRunMap */;
			targetProxy = F64450271914C14500630C5A /* PBXContainerItemProxy */;
		};
/* End PBXTargetDependency section */

/* Begin PBXVariantGroup section */
		F644500D1914C14500630C5A /* InfoPlist.strings */ = {
			isa = PBXVariantGroup;
			children = (
				F644500E1914C14500630C5A /* en */,
			);
			name = InfoPlist.strings;
			sourceTree = "<group>";
		};
		F64450161914C14500630C5A /* Main.storyboard */ = {
			isa = PBXVariantGroup;
			children = (
				F64450171914C14500630C5A /* Base */,
			);
			name = Main.storyboard;
			sourceTree = "<group>";
		};
		F644502C1914C14500630C5A /* InfoPlist.strings */ = {
			isa = PBXVariantGroup;
			children = (
				F644502D1914C14500630C5A /* en */,
			);
			name = InfoPlist.strings;
			sourceTree = "<group>";
		};
/* End PBXVariantGroup section */

/* Begin XCBuildConfiguration section */
		F64450311914C14500630C5A /* Debug */ = {
			isa = XCBuildConfiguration;
			buildSettings = {
				ALWAYS_SEARCH_USER_PATHS = NO;
				CLANG_CXX_LANGUAGE_STANDARD = "gnu++0x";
				CLANG_CXX_LIBRARY = "libc++";
				CLANG_ENABLE_MODULES = YES;
				CLANG_ENABLE_OBJC_ARC = YES;
				CLANG_WARN_BOOL_CONVERSION = YES;
				CLANG_WARN_CONSTANT_CONVERSION = YES;
				CLANG_WARN_DIRECT_OBJC_ISA_USAGE = YES_ERROR;
				CLANG_WARN_EMPTY_BODY = YES;
				CLANG_WARN_ENUM_CONVERSION = YES;
				CLANG_WARN_INT_CONVERSION = YES;
				CLANG_WARN_OBJC_ROOT_CLASS = YES_ERROR;
				CLANG_WARN__DUPLICATE_METHOD_MATCH = YES;
				"CODE_SIGN_IDENTITY[sdk=iphoneos*]" = "iPhone Developer";
				COPY_PHASE_STRIP = NO;
				GCC_C_LANGUAGE_STANDARD = gnu99;
				GCC_DYNAMIC_NO_PIC = NO;
				GCC_OPTIMIZATION_LEVEL = 0;
				GCC_PREPROCESSOR_DEFINITIONS = (
					"DEBUG=1",
					"$(inherited)",
				);
				GCC_SYMBOLS_PRIVATE_EXTERN = NO;
				GCC_WARN_64_TO_32_BIT_CONVERSION = YES;
				GCC_WARN_ABOUT_RETURN_TYPE = YES_ERROR;
				GCC_WARN_UNDECLARED_SELECTOR = YES;
				GCC_WARN_UNINITIALIZED_AUTOS = YES_AGGRESSIVE;
				GCC_WARN_UNUSED_FUNCTION = YES;
				GCC_WARN_UNUSED_VARIABLE = YES;
				IPHONEOS_DEPLOYMENT_TARGET = 7.1;
				ONLY_ACTIVE_ARCH = YES;
				SDKROOT = iphoneos;
			};
			name = Debug;
		};
		F64450321914C14500630C5A /* Release */ = {
			isa = XCBuildConfiguration;
			buildSettings = {
				ALWAYS_SEARCH_USER_PATHS = NO;
				CLANG_CXX_LANGUAGE_STANDARD = "gnu++0x";
				CLANG_CXX_LIBRARY = "libc++";
				CLANG_ENABLE_MODULES = YES;
				CLANG_ENABLE_OBJC_ARC = YES;
				CLANG_WARN_BOOL_CONVERSION = YES;
				CLANG_WARN_CONSTANT_CONVERSION = YES;
				CLANG_WARN_DIRECT_OBJC_ISA_USAGE = YES_ERROR;
				CLANG_WARN_EMPTY_BODY = YES;
				CLANG_WARN_ENUM_CONVERSION = YES;
				CLANG_WARN_INT_CONVERSION = YES;
				CLANG_WARN_OBJC_ROOT_CLASS = YES_ERROR;
				CLANG_WARN__DUPLICATE_METHOD_MATCH = YES;
				"CODE_SIGN_IDENTITY[sdk=iphoneos*]" = "iPhone Developer";
				COPY_PHASE_STRIP = YES;
				ENABLE_NS_ASSERTIONS = NO;
				GCC_C_LANGUAGE_STANDARD = gnu99;
				GCC_WARN_64_TO_32_BIT_CONVERSION = YES;
				GCC_WARN_ABOUT_RETURN_TYPE = YES_ERROR;
				GCC_WARN_UNDECLARED_SELECTOR = YES;
				GCC_WARN_UNINITIALIZED_AUTOS = YES_AGGRESSIVE;
				GCC_WARN_UNUSED_FUNCTION = YES;
				GCC_WARN_UNUSED_VARIABLE = YES;
				IPHONEOS_DEPLOYMENT_TARGET = 7.1;
				SDKROOT = iphoneos;
				VALIDATE_PRODUCT = YES;
			};
			name = Release;
		};
		F64450341914C14500630C5A /* Debug */ = {
			isa = XCBuildConfiguration;
			baseConfigurationReference = 5CA27EEB8EC24BEBBF2F23B6 /* Pods.xcconfig */;
			buildSettings = {
				ASSETCATALOG_COMPILER_APPICON_NAME = AppIcon;
				ASSETCATALOG_COMPILER_LAUNCHIMAGE_NAME = LaunchImage;
				GCC_PRECOMPILE_PREFIX_HEADER = YES;
				GCC_PREFIX_HEADER = "OpenRunMap/OpenRunMap-Prefix.pch";
				INFOPLIST_FILE = "OpenRunMap/OpenRunMap-Info.plist";
				PRODUCT_NAME = "$(TARGET_NAME)";
				WRAPPER_EXTENSION = app;
			};
			name = Debug;
		};
		F64450351914C14500630C5A /* Release */ = {
			isa = XCBuildConfiguration;
			baseConfigurationReference = 5CA27EEB8EC24BEBBF2F23B6 /* Pods.xcconfig */;
			buildSettings = {
				ASSETCATALOG_COMPILER_APPICON_NAME = AppIcon;
				ASSETCATALOG_COMPILER_LAUNCHIMAGE_NAME = LaunchImage;
				GCC_PRECOMPILE_PREFIX_HEADER = YES;
				GCC_PREFIX_HEADER = "OpenRunMap/OpenRunMap-Prefix.pch";
				INFOPLIST_FILE = "OpenRunMap/OpenRunMap-Info.plist";
				PRODUCT_NAME = "$(TARGET_NAME)";
				WRAPPER_EXTENSION = app;
			};
			name = Release;
		};
		F64450371914C14500630C5A /* Debug */ = {
			isa = XCBuildConfiguration;
			buildSettings = {
				BUNDLE_LOADER = "$(BUILT_PRODUCTS_DIR)/OpenRunMap.app/OpenRunMap";
				FRAMEWORK_SEARCH_PATHS = (
					"$(SDKROOT)/Developer/Library/Frameworks",
					"$(inherited)",
					"$(DEVELOPER_FRAMEWORKS_DIR)",
				);
				GCC_PRECOMPILE_PREFIX_HEADER = YES;
				GCC_PREFIX_HEADER = "OpenRunMap/OpenRunMap-Prefix.pch";
				GCC_PREPROCESSOR_DEFINITIONS = (
					"DEBUG=1",
					"$(inherited)",
				);
				INFOPLIST_FILE = "OpenRunMapTests/OpenRunMapTests-Info.plist";
				PRODUCT_NAME = "$(TARGET_NAME)";
				TEST_HOST = "$(BUNDLE_LOADER)";
				WRAPPER_EXTENSION = xctest;
			};
			name = Debug;
		};
		F64450381914C14500630C5A /* Release */ = {
			isa = XCBuildConfiguration;
			buildSettings = {
				BUNDLE_LOADER = "$(BUILT_PRODUCTS_DIR)/OpenRunMap.app/OpenRunMap";
				FRAMEWORK_SEARCH_PATHS = (
					"$(SDKROOT)/Developer/Library/Frameworks",
					"$(inherited)",
					"$(DEVELOPER_FRAMEWORKS_DIR)",
				);
				GCC_PRECOMPILE_PREFIX_HEADER = YES;
				GCC_PREFIX_HEADER = "OpenRunMap/OpenRunMap-Prefix.pch";
				INFOPLIST_FILE = "OpenRunMapTests/OpenRunMapTests-Info.plist";
				PRODUCT_NAME = "$(TARGET_NAME)";
				TEST_HOST = "$(BUNDLE_LOADER)";
				WRAPPER_EXTENSION = xctest;
			};
			name = Release;
		};
/* End XCBuildConfiguration section */

/* Begin XCConfigurationList section */
		F6444FFC1914C14400630C5A /* Build configuration list for PBXProject "OpenRunMap" */ = {
			isa = XCConfigurationList;
			buildConfigurations = (
				F64450311914C14500630C5A /* Debug */,
				F64450321914C14500630C5A /* Release */,
			);
			defaultConfigurationIsVisible = 0;
			defaultConfigurationName = Release;
		};
		F64450331914C14500630C5A /* Build configuration list for PBXNativeTarget "OpenRunMap" */ = {
			isa = XCConfigurationList;
			buildConfigurations = (
				F64450341914C14500630C5A /* Debug */,
				F64450351914C14500630C5A /* Release */,
			);
			defaultConfigurationIsVisible = 0;
			defaultConfigurationName = Release;
		};
		F64450361914C14500630C5A /* Build configuration list for PBXNativeTarget "OpenRunMapTests" */ = {
			isa = XCConfigurationList;
			buildConfigurations = (
				F64450371914C14500630C5A /* Debug */,
				F64450381914C14500630C5A /* Release */,
			);
			defaultConfigurationIsVisible = 0;
			defaultConfigurationName = Release;
		};
/* End XCConfigurationList section */
	};
	rootObject = F6444FF91914C14400630C5A /* Project object */;
}
