// !$*UTF8*$!
{
	archiveVersion = 1;
	classes = {
	};
	objectVersion = 46;
	objects = {

/* Begin PBXBuildFile section */
		F64450051914C14400630C5A /* Foundation.framework in Frameworks */ = {isa = PBXBuildFile; fileRef = F64450041914C14400630C5A /* Foundation.framework */; };
		F64450071914C14400630C5A /* CoreGraphics.framework in Frameworks */ = {isa = PBXBuildFile; fileRef = F64450061914C14400630C5A /* CoreGraphics.framework */; };
		F64450091914C14500630C5A /* UIKit.framework in Frameworks */ = {isa = PBXBuildFile; fileRef = F64450081914C14400630C5A /* UIKit.framework */; };
		F644500F1914C14500630C5A /* InfoPlist.strings in Resources */ = {isa = PBXBuildFile; fileRef = F644500D1914C14500630C5A /* InfoPlist.strings */; };
		F64450111914C14500630C5A /* main.m in Sources */ = {isa = PBXBuildFile; fileRef = F64450101914C14500630C5A /* main.m */; };
		F64450151914C14500630C5A /* RHAppDelegate.m in Sources */ = {isa = PBXBuildFile; fileRef = F64450141914C14500630C5A /* RHAppDelegate.m */; };
		F64450181914C14500630C5A /* Main.storyboard in Resources */ = {isa = PBXBuildFile; fileRef = F64450161914C14500630C5A /* Main.storyboard */; };
		F644501D1914C14500630C5A /* Images.xcassets in Resources */ = {isa = PBXBuildFile; fileRef = F644501C1914C14500630C5A /* Images.xcassets */; };
		F64450241914C14500630C5A /* XCTest.framework in Frameworks */ = {isa = PBXBuildFile; fileRef = F64450231914C14500630C5A /* XCTest.framework */; };
		F64450251914C14500630C5A /* Foundation.framework in Frameworks */ = {isa = PBXBuildFile; fileRef = F64450041914C14400630C5A /* Foundation.framework */; };
		F64450261914C14500630C5A /* UIKit.framework in Frameworks */ = {isa = PBXBuildFile; fileRef = F64450081914C14400630C5A /* UIKit.framework */; };
		F644502E1914C14500630C5A /* InfoPlist.strings in Resources */ = {isa = PBXBuildFile; fileRef = F644502C1914C14500630C5A /* InfoPlist.strings */; };
		F64450301914C14500630C5A /* OpenRunMapTests.m in Sources */ = {isa = PBXBuildFile; fileRef = F644502F1914C14500630C5A /* OpenRunMapTests.m */; };
		F64450451914C3B300630C5A /* RHRoute.m in Sources */ = {isa = PBXBuildFile; fileRef = F64450421914C3B300630C5A /* RHRoute.m */; };
		F64450481914C3C700630C5A /* RHViewController.m in Sources */ = {isa = PBXBuildFile; fileRef = F64450471914C3C700630C5A /* RHViewController.m */; };
		F644504B1914C3FA00630C5A /* RHRouteStep.m in Sources */ = {isa = PBXBuildFile; fileRef = F644504A1914C3FA00630C5A /* RHRouteStep.m */; };
/* End PBXBuildFile section */

/* Begin PBXContainerItemProxy section */
		F64450271914C14500630C5A /* PBXContainerItemProxy */ = {
			isa = PBXContainerItemProxy;
			containerPortal = F6444FF91914C14400630C5A /* Project object */;
			proxyType = 1;
			remoteGlobalIDString = F64450001914C14400630C5A;
			remoteInfo = OpenRunMap;
		};
/* End PBXContainerItemProxy section */

/* Begin PBXFileReference section */
		F64450011914C14400630C5A /* OpenRunMap.app */ = {isa = PBXFileReference; explicitFileType = wrapper.application; includeInIndex = 0; path = OpenRunMap.app; sourceTree = BUILT_PRODUCTS_DIR; };
		F64450041914C14400630C5A /* Foundation.framework */ = {isa = PBXFileReference; lastKnownFileType = wrapper.framework; name = Foundation.framework; path = System/Library/Frameworks/Foundation.framework; sourceTree = SDKROOT; };
		F64450061914C14400630C5A /* CoreGraphics.framework */ = {isa = PBXFileReference; lastKnownFileType = wrapper.framework; name = CoreGraphics.framework; path = System/Library/Frameworks/CoreGraphics.framework; sourceTree = SDKROOT; };
		F64450081914C14400630C5A /* UIKit.framework */ = {isa = PBXFileReference; lastKnownFileType = wrapper.framework; name = UIKit.framework; path = System/Library/Frameworks/UIKit.framework; sourceTree = SDKROOT; };
		F644500C1914C14500630C5A /* OpenRunMap-Info.plist */ = {isa = PBXFileReference; lastKnownFileType = text.plist.xml; path = "OpenRunMap-Info.plist"; sourceTree = "<group>"; };
		F644500E1914C14500630C5A /* en */ = {isa = PBXFileReference; lastKnownFileType = text.plist.strings; name = en; path = en.lproj/InfoPlist.strings; sourceTree = "<group>"; };
		F64450101914C14500630C5A /* main.m */ = {isa = PBXFileReference; lastKnownFileType = sourcecode.c.objc; path = main.m; sourceTree = "<group>"; };
		F64450121914C14500630C5A /* OpenRunMap-Prefix.pch */ = {isa = PBXFileReference; lastKnownFileType = sourcecode.c.h; path = "OpenRunMap-Prefix.pch"; sourceTree = "<group>"; };
		F64450131914C14500630C5A /* RHAppDelegate.h */ = {isa = PBXFileReference; lastKnownFileType = sourcecode.c.h; path = RHAppDelegate.h; sourceTree = "<group>"; };
		F64450141914C14500630C5A /* RHAppDelegate.m */ = {isa = PBXFileReference; lastKnownFileType = sourcecode.c.objc; path = RHAppDelegate.m; sourceTree = "<group>"; };
		F64450171914C14500630C5A /* Base */ = {isa = PBXFileReference; lastKnownFileType = file.storyboard; name = Base; path = Base.lproj/Main.storyboard; sourceTree = "<group>"; };
		F644501C1914C14500630C5A /* Images.xcassets */ = {isa = PBXFileReference; lastKnownFileType = folder.assetcatalog; path = Images.xcassets; sourceTree = "<group>"; };
		F64450221914C14500630C5A /* OpenRunMapTests.xctest */ = {isa = PBXFileReference; explicitFileType = wrapper.cfbundle; includeInIndex = 0; path = OpenRunMapTests.xctest; sourceTree = BUILT_PRODUCTS_DIR; };
		F64450231914C14500630C5A /* XCTest.framework */ = {isa = PBXFileReference; lastKnownFileType = wrapper.framework; name = XCTest.framework; path = Library/Frameworks/XCTest.framework; sourceTree = DEVELOPER_DIR; };
		F644502B1914C14500630C5A /* OpenRunMapTests-Info.plist */ = {isa = PBXFileReference; lastKnownFileType = text.plist.xml; path = "OpenRunMapTests-Info.plist"; sourceTree = "<group>"; };
		F644502D1914C14500630C5A /* en */ = {isa = PBXFileReference; lastKnownFileType = text.plist.strings; name = en; path = en.lproj/InfoPlist.strings; sourceTree = "<group>"; };
		F644502F1914C14500630C5A /* OpenRunMapTests.m */ = {isa = PBXFileReference; lastKnownFileType = sourcecode.c.objc; path = OpenRunMapTests.m; sourceTree = "<group>"; };
		F64450411914C3B300630C5A /* RHRoute.h */ = {isa = PBXFileReference; fileEncoding = 4; lastKnownFileType = sourcecode.c.h; path = RHRoute.h; sourceTree = "<group>"; };
		F64450421914C3B300630C5A /* RHRoute.m */ = {isa = PBXFileReference; fileEncoding = 4; lastKnownFileType = sourcecode.c.objc; path = RHRoute.m; sourceTree = "<group>"; };
		F64450461914C3C700630C5A /* RHViewController.h */ = {isa = PBXFileReference; fileEncoding = 4; lastKnownFileType = sourcecode.c.h; path = RHViewController.h; sourceTree = "<group>"; };
		F64450471914C3C700630C5A /* RHViewController.m */ = {isa = PBXFileReference; fileEncoding = 4; lastKnownFileType = sourcecode.c.objc; path = RHViewController.m; sourceTree = "<group>"; };
		F64450491914C3FA00630C5A /* RHRouteStep.h */ = {isa = PBXFileReference; fileEncoding = 4; lastKnownFileType = sourcecode.c.h; name = RHRouteStep.h; path = OpenRunMap/Code/Models/RHRouteStep.h; sourceTree = "<group>"; };
		F644504A1914C3FA00630C5A /* RHRouteStep.m */ = {isa = PBXFileReference; fileEncoding = 4; lastKnownFileType = sourcecode.c.objc; name = RHRouteStep.m; path = OpenRunMap/Code/Models/RHRouteStep.m; sourceTree = "<group>"; };
/* End PBXFileReference section */

/* Begin PBXFrameworksBuildPhase section */
		F6444FFE1914C14400630C5A /* Frameworks */ = {
			isa = PBXFrameworksBuildPhase;
			buildActionMask = 2147483647;
			files = (
				F64450071914C14400630C5A /* CoreGraphics.framework in Frameworks */,
				F64450091914C14500630C5A /* UIKit.framework in Frameworks */,
				F64450051914C14400630C5A /* Foundation.framework in Frameworks */,
			);
			runOnlyForDeploymentPostprocessing = 0;
		};
		F644501F1914C14500630C5A /* Frameworks */ = {
			isa = PBXFrameworksBuildPhase;
			buildActionMask = 2147483647;
			files = (
				F64450241914C14500630C5A /* XCTest.framework in Frameworks */,
				F64450261914C14500630C5A /* UIKit.framework in Frameworks */,
				F64450251914C14500630C5A /* Foundation.framework in Frameworks */,
			);
			runOnlyForDeploymentPostprocessing = 0;
		};
/* End PBXFrameworksBuildPhase section */

/* Begin PBXGroup section */
		F6444FF81914C14400630C5A = {
			isa = PBXGroup;
			children = (
				F64450491914C3FA00630C5A /* RHRouteStep.h */,
				F644504A1914C3FA00630C5A /* RHRouteStep.m */,
				F644500A1914C14500630C5A /* OpenRunMap */,
				F64450291914C14500630C5A /* OpenRunMapTests */,
				F64450031914C14400630C5A /* Frameworks */,
				F64450021914C14400630C5A /* Products */,
			);
			sourceTree = "<group>";
		};
		F64450021914C14400630C5A /* Products */ = {
			isa = PBXGroup;
			children = (
				F64450011914C14400630C5A /* OpenRunMap.app */,
				F64450221914C14500630C5A /* OpenRunMapTests.xctest */,
			);
			name = Products;
			sourceTree = "<group>";
		};
		F64450031914C14400630C5A /* Frameworks */ = {
			isa = PBXGroup;
			children = (
				F64450041914C14400630C5A /* Foundation.framework */,
				F64450061914C14400630C5A /* CoreGraphics.framework */,
				F64450081914C14400630C5A /* UIKit.framework */,
				F64450231914C14500630C5A /* XCTest.framework */,
			);
			name = Frameworks;
			sourceTree = "<group>";
		};
		F644500A1914C14500630C5A /* OpenRunMap */ = {
			isa = PBXGroup;
			children = (
				F64450401914C3B300630C5A /* Models */,
				F64450431914C3B300630C5A /* View Controllers */,
				F64450441914C3B300630C5A /* Views */,
				F64450131914C14500630C5A /* RHAppDelegate.h */,
				F64450141914C14500630C5A /* RHAppDelegate.m */,
				F64450161914C14500630C5A /* Main.storyboard */,
				F644501C1914C14500630C5A /* Images.xcassets */,
				F644500B1914C14500630C5A /* Supporting Files */,
			);
			path = OpenRunMap;
			sourceTree = "<group>";
		};
		F644500B1914C14500630C5A /* Supporting Files */ = {
			isa = PBXGroup;
			children = (
				F644500C1914C14500630C5A /* OpenRunMap-Info.plist */,
				F644500D1914C14500630C5A /* InfoPlist.strings */,
				F64450101914C14500630C5A /* main.m */,
				F64450121914C14500630C5A /* OpenRunMap-Prefix.pch */,
			);
			name = "Supporting Files";
			sourceTree = "<group>";
		};
		F64450291914C14500630C5A /* OpenRunMapTests */ = {
			isa = PBXGroup;
			children = (
				F644502F1914C14500630C5A /* OpenRunMapTests.m */,
				F644502A1914C14500630C5A /* Supporting Files */,
			);
			path = OpenRunMapTests;
			sourceTree = "<group>";
		};
		F644502A1914C14500630C5A /* Supporting Files */ = {
			isa = PBXGroup;
			children = (
				F644502B1914C14500630C5A /* OpenRunMapTests-Info.plist */,
				F644502C1914C14500630C5A /* InfoPlist.strings */,
			);
			name = "Supporting Files";
			sourceTree = "<group>";
		};
		F64450401914C3B300630C5A /* Models */ = {
			isa = PBXGroup;
			children = (
				F64450411914C3B300630C5A /* RHRoute.h */,
				F64450421914C3B300630C5A /* RHRoute.m */,
			);
			name = Models;
			path = Code/Models;
			sourceTree = "<group>";
		};
		F64450431914C3B300630C5A /* View Controllers */ = {
			isa = PBXGroup;
			children = (
				F64450461914C3C700630C5A /* RHViewController.h */,
				F64450471914C3C700630C5A /* RHViewController.m */,
			);
			name = "View Controllers";
			path = "Code/View Controllers";
			sourceTree = "<group>";
		};
		F64450441914C3B300630C5A /* Views */ = {
			isa = PBXGroup;
			children = (
			);
			name = Views;
			path = Code/Views;
			sourceTree = "<group>";
		};
/* End PBXGroup section */

/* Begin PBXNativeTarget section */
		F64450001914C14400630C5A /* OpenRunMap */ = {
			isa = PBXNativeTarget;
			buildConfigurationList = F64450331914C14500630C5A /* Build configuration list for PBXNativeTarget "OpenRunMap" */;
			buildPhases = (
				F6444FFD1914C14400630C5A /* Sources */,
				F6444FFE1914C14400630C5A /* Frameworks */,
				F6444FFF1914C14400630C5A /* Resources */,
			);
			buildRules = (
			);
			dependencies = (
			);
			name = OpenRunMap;
			productName = OpenRunMap;
			productReference = F64450011914C14400630C5A /* OpenRunMap.app */;
			productType = "com.apple.product-type.application";
		};
		F64450211914C14500630C5A /* OpenRunMapTests */ = {
			isa = PBXNativeTarget;
			buildConfigurationList = F64450361914C14500630C5A /* Build configuration list for PBXNativeTarget "OpenRunMapTests" */;
			buildPhases = (
				F644501E1914C14500630C5A /* Sources */,
				F644501F1914C14500630C5A /* Frameworks */,
				F64450201914C14500630C5A /* Resources */,
			);
			buildRules = (
			);
			dependencies = (
				F64450281914C14500630C5A /* PBXTargetDependency */,
			);
			name = OpenRunMapTests;
			productName = OpenRunMapTests;
			productReference = F64450221914C14500630C5A /* OpenRunMapTests.xctest */;
			productType = "com.apple.product-type.bundle.unit-test";
		};
/* End PBXNativeTarget section */

/* Begin PBXProject section */
		F6444FF91914C14400630C5A /* Project object */ = {
			isa = PBXProject;
			attributes = {
				CLASSPREFIX = RH;
				LastUpgradeCheck = 0510;
				ORGANIZATIONNAME = RunHackers;
				TargetAttributes = {
					F64450211914C14500630C5A = {
						TestTargetID = F64450001914C14400630C5A;
					};
				};
			};
			buildConfigurationList = F6444FFC1914C14400630C5A /* Build configuration list for PBXProject "OpenRunMap" */;
			compatibilityVersion = "Xcode 3.2";
			developmentRegion = English;
			hasScannedForEncodings = 0;
			knownRegions = (
				en,
				Base,
			);
			mainGroup = F6444FF81914C14400630C5A;
			productRefGroup = F64450021914C14400630C5A /* Products */;
			projectDirPath = "";
			projectRoot = "";
			targets = (
				F64450001914C14400630C5A /* OpenRunMap */,
				F64450211914C14500630C5A /* OpenRunMapTests */,
			);
		};
/* End PBXProject section */

/* Begin PBXResourcesBuildPhase section */
		F6444FFF1914C14400630C5A /* Resources */ = {
			isa = PBXResourcesBuildPhase;
			buildActionMask = 2147483647;
			files = (
				F644501D1914C14500630C5A /* Images.xcassets in Resources */,
				F644500F1914C14500630C5A /* InfoPlist.strings in Resources */,
				F64450181914C14500630C5A /* Main.storyboard in Resources */,
			);
			runOnlyForDeploymentPostprocessing = 0;
		};
		F64450201914C14500630C5A /* Resources */ = {
			isa = PBXResourcesBuildPhase;
			buildActionMask = 2147483647;
			files = (
				F644502E1914C14500630C5A /* InfoPlist.strings in Resources */,
			);
			runOnlyForDeploymentPostprocessing = 0;
		};
/* End PBXResourcesBuildPhase section */

/* Begin PBXSourcesBuildPhase section */
		F6444FFD1914C14400630C5A /* Sources */ = {
			isa = PBXSourcesBuildPhase;
			buildActionMask = 2147483647;
			files = (
				F64450151914C14500630C5A /* RHAppDelegate.m in Sources */,
				F64450451914C3B300630C5A /* RHRoute.m in Sources */,
				F64450481914C3C700630C5A /* RHViewController.m in Sources */,
				F64450111914C14500630C5A /* main.m in Sources */,
				F644504B1914C3FA00630C5A /* RHRouteStep.m in Sources */,
			);
			runOnlyForDeploymentPostprocessing = 0;
		};
		F644501E1914C14500630C5A /* Sources */ = {
			isa = PBXSourcesBuildPhase;
			buildActionMask = 2147483647;
			files = (
				F64450301914C14500630C5A /* OpenRunMapTests.m in Sources */,
			);
			runOnlyForDeploymentPostprocessing = 0;
		};
/* End PBXSourcesBuildPhase section */

/* Begin PBXTargetDependency section */
		F64450281914C14500630C5A /* PBXTargetDependency */ = {
			isa = PBXTargetDependency;
			target = F64450001914C14400630C5A /* OpenRunMap */;
			targetProxy = F64450271914C14500630C5A /* PBXContainerItemProxy */;
		};
/* End PBXTargetDependency section */

/* Begin PBXVariantGroup section */
		F644500D1914C14500630C5A /* InfoPlist.strings */ = {
			isa = PBXVariantGroup;
			children = (
				F644500E1914C14500630C5A /* en */,
			);
			name = InfoPlist.strings;
			sourceTree = "<group>";
		};
		F64450161914C14500630C5A /* Main.storyboard */ = {
			isa = PBXVariantGroup;
			children = (
				F64450171914C14500630C5A /* Base */,
			);
			name = Main.storyboard;
			sourceTree = "<group>";
		};
		F644502C1914C14500630C5A /* InfoPlist.strings */ = {
			isa = PBXVariantGroup;
			children = (
				F644502D1914C14500630C5A /* en */,
			);
			name = InfoPlist.strings;
			sourceTree = "<group>";
		};
/* End PBXVariantGroup section */

/* Begin XCBuildConfiguration section */
		F64450311914C14500630C5A /* Debug */ = {
			isa = XCBuildConfiguration;
			buildSettings = {
				ALWAYS_SEARCH_USER_PATHS = NO;
				CLANG_CXX_LANGUAGE_STANDARD = "gnu++0x";
				CLANG_CXX_LIBRARY = "libc++";
				CLANG_ENABLE_MODULES = YES;
				CLANG_ENABLE_OBJC_ARC = YES;
				CLANG_WARN_BOOL_CONVERSION = YES;
				CLANG_WARN_CONSTANT_CONVERSION = YES;
				CLANG_WARN_DIRECT_OBJC_ISA_USAGE = YES_ERROR;
				CLANG_WARN_EMPTY_BODY = YES;
				CLANG_WARN_ENUM_CONVERSION = YES;
				CLANG_WARN_INT_CONVERSION = YES;
				CLANG_WARN_OBJC_ROOT_CLASS = YES_ERROR;
				CLANG_WARN__DUPLICATE_METHOD_MATCH = YES;
				"CODE_SIGN_IDENTITY[sdk=iphoneos*]" = "iPhone Developer";
				COPY_PHASE_STRIP = NO;
				GCC_C_LANGUAGE_STANDARD = gnu99;
				GCC_DYNAMIC_NO_PIC = NO;
				GCC_OPTIMIZATION_LEVEL = 0;
				GCC_PREPROCESSOR_DEFINITIONS = (
					"DEBUG=1",
					"$(inherited)",
				);
				GCC_SYMBOLS_PRIVATE_EXTERN = NO;
				GCC_WARN_64_TO_32_BIT_CONVERSION = YES;
				GCC_WARN_ABOUT_RETURN_TYPE = YES_ERROR;
				GCC_WARN_UNDECLARED_SELECTOR = YES;
				GCC_WARN_UNINITIALIZED_AUTOS = YES_AGGRESSIVE;
				GCC_WARN_UNUSED_FUNCTION = YES;
				GCC_WARN_UNUSED_VARIABLE = YES;
				IPHONEOS_DEPLOYMENT_TARGET = 7.1;
				ONLY_ACTIVE_ARCH = YES;
				SDKROOT = iphoneos;
			};
			name = Debug;
		};
		F64450321914C14500630C5A /* Release */ = {
			isa = XCBuildConfiguration;
			buildSettings = {
				ALWAYS_SEARCH_USER_PATHS = NO;
				CLANG_CXX_LANGUAGE_STANDARD = "gnu++0x";
				CLANG_CXX_LIBRARY = "libc++";
				CLANG_ENABLE_MODULES = YES;
				CLANG_ENABLE_OBJC_ARC = YES;
				CLANG_WARN_BOOL_CONVERSION = YES;
				CLANG_WARN_CONSTANT_CONVERSION = YES;
				CLANG_WARN_DIRECT_OBJC_ISA_USAGE = YES_ERROR;
				CLANG_WARN_EMPTY_BODY = YES;
				CLANG_WARN_ENUM_CONVERSION = YES;
				CLANG_WARN_INT_CONVERSION = YES;
				CLANG_WARN_OBJC_ROOT_CLASS = YES_ERROR;
				CLANG_WARN__DUPLICATE_METHOD_MATCH = YES;
				"CODE_SIGN_IDENTITY[sdk=iphoneos*]" = "iPhone Developer";
				COPY_PHASE_STRIP = YES;
				ENABLE_NS_ASSERTIONS = NO;
				GCC_C_LANGUAGE_STANDARD = gnu99;
				GCC_WARN_64_TO_32_BIT_CONVERSION = YES;
				GCC_WARN_ABOUT_RETURN_TYPE = YES_ERROR;
				GCC_WARN_UNDECLARED_SELECTOR = YES;
				GCC_WARN_UNINITIALIZED_AUTOS = YES_AGGRESSIVE;
				GCC_WARN_UNUSED_FUNCTION = YES;
				GCC_WARN_UNUSED_VARIABLE = YES;
				IPHONEOS_DEPLOYMENT_TARGET = 7.1;
				SDKROOT = iphoneos;
				VALIDATE_PRODUCT = YES;
			};
			name = Release;
		};
		F64450341914C14500630C5A /* Debug */ = {
			isa = XCBuildConfiguration;
			buildSettings = {
				ASSETCATALOG_COMPILER_APPICON_NAME = AppIcon;
				ASSETCATALOG_COMPILER_LAUNCHIMAGE_NAME = LaunchImage;
				GCC_PRECOMPILE_PREFIX_HEADER = YES;
				GCC_PREFIX_HEADER = "OpenRunMap/OpenRunMap-Prefix.pch";
				INFOPLIST_FILE = "OpenRunMap/OpenRunMap-Info.plist";
				PRODUCT_NAME = "$(TARGET_NAME)";
				WRAPPER_EXTENSION = app;
			};
			name = Debug;
		};
		F64450351914C14500630C5A /* Release */ = {
			isa = XCBuildConfiguration;
			buildSettings = {
				ASSETCATALOG_COMPILER_APPICON_NAME = AppIcon;
				ASSETCATALOG_COMPILER_LAUNCHIMAGE_NAME = LaunchImage;
				GCC_PRECOMPILE_PREFIX_HEADER = YES;
				GCC_PREFIX_HEADER = "OpenRunMap/OpenRunMap-Prefix.pch";
				INFOPLIST_FILE = "OpenRunMap/OpenRunMap-Info.plist";
				PRODUCT_NAME = "$(TARGET_NAME)";
				WRAPPER_EXTENSION = app;
			};
			name = Release;
		};
		F64450371914C14500630C5A /* Debug */ = {
			isa = XCBuildConfiguration;
			buildSettings = {
				BUNDLE_LOADER = "$(BUILT_PRODUCTS_DIR)/OpenRunMap.app/OpenRunMap";
				FRAMEWORK_SEARCH_PATHS = (
					"$(SDKROOT)/Developer/Library/Frameworks",
					"$(inherited)",
					"$(DEVELOPER_FRAMEWORKS_DIR)",
				);
				GCC_PRECOMPILE_PREFIX_HEADER = YES;
				GCC_PREFIX_HEADER = "OpenRunMap/OpenRunMap-Prefix.pch";
				GCC_PREPROCESSOR_DEFINITIONS = (
					"DEBUG=1",
					"$(inherited)",
				);
				INFOPLIST_FILE = "OpenRunMapTests/OpenRunMapTests-Info.plist";
				PRODUCT_NAME = "$(TARGET_NAME)";
				TEST_HOST = "$(BUNDLE_LOADER)";
				WRAPPER_EXTENSION = xctest;
			};
			name = Debug;
		};
		F64450381914C14500630C5A /* Release */ = {
			isa = XCBuildConfiguration;
			buildSettings = {
				BUNDLE_LOADER = "$(BUILT_PRODUCTS_DIR)/OpenRunMap.app/OpenRunMap";
				FRAMEWORK_SEARCH_PATHS = (
					"$(SDKROOT)/Developer/Library/Frameworks",
					"$(inherited)",
					"$(DEVELOPER_FRAMEWORKS_DIR)",
				);
				GCC_PRECOMPILE_PREFIX_HEADER = YES;
				GCC_PREFIX_HEADER = "OpenRunMap/OpenRunMap-Prefix.pch";
				INFOPLIST_FILE = "OpenRunMapTests/OpenRunMapTests-Info.plist";
				PRODUCT_NAME = "$(TARGET_NAME)";
				TEST_HOST = "$(BUNDLE_LOADER)";
				WRAPPER_EXTENSION = xctest;
			};
			name = Release;
		};
/* End XCBuildConfiguration section */

/* Begin XCConfigurationList section */
		F6444FFC1914C14400630C5A /* Build configuration list for PBXProject "OpenRunMap" */ = {
			isa = XCConfigurationList;
			buildConfigurations = (
				F64450311914C14500630C5A /* Debug */,
				F64450321914C14500630C5A /* Release */,
			);
			defaultConfigurationIsVisible = 0;
			defaultConfigurationName = Release;
		};
		F64450331914C14500630C5A /* Build configuration list for PBXNativeTarget "OpenRunMap" */ = {
			isa = XCConfigurationList;
			buildConfigurations = (
				F64450341914C14500630C5A /* Debug */,
				F64450351914C14500630C5A /* Release */,
			);
			defaultConfigurationIsVisible = 0;
		};
		F64450361914C14500630C5A /* Build configuration list for PBXNativeTarget "OpenRunMapTests" */ = {
			isa = XCConfigurationList;
			buildConfigurations = (
				F64450371914C14500630C5A /* Debug */,
				F64450381914C14500630C5A /* Release */,
			);
			defaultConfigurationIsVisible = 0;
		};
/* End XCConfigurationList section */
	};
	rootObject = F6444FF91914C14400630C5A /* Project object */;
}
